// !$*UTF8*$!
{
	archiveVersion = 1;
	classes = {
	};
	objectVersion = 46;
	objects = {

/* Begin PBXBuildFile section */
		380B3B151554771300DEADA4 /* YourPlaylistsViewController.m in Sources */ = {isa = PBXBuildFile; fileRef = 380B3B141554771300DEADA4 /* YourPlaylistsViewController.m */; };
		380B3B191554774200DEADA4 /* YourFavoritesViewController.m in Sources */ = {isa = PBXBuildFile; fileRef = 380B3B181554774200DEADA4 /* YourFavoritesViewController.m */; };
		380B3B1D1554777600DEADA4 /* SearchViewController.m in Sources */ = {isa = PBXBuildFile; fileRef = 380B3B1C1554777600DEADA4 /* SearchViewController.m */; };
		380B3B211554799F00DEADA4 /* LatestPerformedConcertsViewController.m in Sources */ = {isa = PBXBuildFile; fileRef = 380B3B201554799F00DEADA4 /* LatestPerformedConcertsViewController.m */; };
		380B3B24155479B200DEADA4 /* LatestAddedConcertsViewController.m in Sources */ = {isa = PBXBuildFile; fileRef = 380B3B23155479B200DEADA4 /* LatestAddedConcertsViewController.m */; };
		380B3B28155479D900DEADA4 /* ChatViewController.m in Sources */ = {isa = PBXBuildFile; fileRef = 380B3B27155479D900DEADA4 /* ChatViewController.m */; };
		380B3B2C1555E49E00DEADA4 /* ExpandedPlayerViewController.m in Sources */ = {isa = PBXBuildFile; fileRef = 380B3B2B1555E49E00DEADA4 /* ExpandedPlayerViewController.m */; };
		380B3B2F1555ED7A00DEADA4 /* BaseViewController.m in Sources */ = {isa = PBXBuildFile; fileRef = 380B3B2E1555ED7A00DEADA4 /* BaseViewController.m */; };
		380B3B321555EE4100DEADA4 /* HeaderViewController.m in Sources */ = {isa = PBXBuildFile; fileRef = 380B3B311555EE4100DEADA4 /* HeaderViewController.m */; };
		380B3B351555EE5400DEADA4 /* FooterViewController.m in Sources */ = {isa = PBXBuildFile; fileRef = 380B3B341555EE5400DEADA4 /* FooterViewController.m */; };
		380B3B391555F10300DEADA4 /* HeaderView.xib in Resources */ = {isa = PBXBuildFile; fileRef = 380B3B381555F10300DEADA4 /* HeaderView.xib */; };
		380B3B3B1556037400DEADA4 /* FooterView.xib in Resources */ = {isa = PBXBuildFile; fileRef = 380B3B3A1556037400DEADA4 /* FooterView.xib */; };
		3822DEBB154E506400E1A452 /* fastforward.png in Resources */ = {isa = PBXBuildFile; fileRef = 3822DEAD154E506400E1A452 /* fastforward.png */; };
		3822DEBC154E506400E1A452 /* fastforward@2x.png in Resources */ = {isa = PBXBuildFile; fileRef = 3822DEAE154E506400E1A452 /* fastforward@2x.png */; };
		3822DEBD154E506400E1A452 /* pause.png in Resources */ = {isa = PBXBuildFile; fileRef = 3822DEAF154E506400E1A452 /* pause.png */; };
		3822DEBE154E506400E1A452 /* pause@2x.png in Resources */ = {isa = PBXBuildFile; fileRef = 3822DEB0154E506400E1A452 /* pause@2x.png */; };
		3822DEBF154E506400E1A452 /* play.png in Resources */ = {isa = PBXBuildFile; fileRef = 3822DEB1154E506400E1A452 /* play.png */; };
		3822DEC0154E506400E1A452 /* play@2x.png in Resources */ = {isa = PBXBuildFile; fileRef = 3822DEB2154E506400E1A452 /* play@2x.png */; };
		3822DEC1154E506400E1A452 /* repeat.png in Resources */ = {isa = PBXBuildFile; fileRef = 3822DEB3154E506400E1A452 /* repeat.png */; };
		3822DEC2154E506400E1A452 /* repeat@2x.png in Resources */ = {isa = PBXBuildFile; fileRef = 3822DEB4154E506400E1A452 /* repeat@2x.png */; };
		3822DEC3154E506400E1A452 /* rewind.png in Resources */ = {isa = PBXBuildFile; fileRef = 3822DEB5154E506400E1A452 /* rewind.png */; };
		3822DEC4154E506400E1A452 /* rewind@2x.png in Resources */ = {isa = PBXBuildFile; fileRef = 3822DEB6154E506400E1A452 /* rewind@2x.png */; };
		3822DEC5154E506400E1A452 /* shuffle.png in Resources */ = {isa = PBXBuildFile; fileRef = 3822DEB7154E506400E1A452 /* shuffle.png */; };
		3822DEC6154E506400E1A452 /* shuffle@2x.png in Resources */ = {isa = PBXBuildFile; fileRef = 3822DEB8154E506400E1A452 /* shuffle@2x.png */; };
		3822DEC7154E506400E1A452 /* stop.png in Resources */ = {isa = PBXBuildFile; fileRef = 3822DEB9154E506400E1A452 /* stop.png */; };
		3822DEC8154E506400E1A452 /* stop@2x.png in Resources */ = {isa = PBXBuildFile; fileRef = 3822DEBA154E506400E1A452 /* stop@2x.png */; };
		388EAF29154B44A3009F9ED9 /* UIKit.framework in Frameworks */ = {isa = PBXBuildFile; fileRef = 388EAF28154B44A3009F9ED9 /* UIKit.framework */; };
		388EAF2B154B44A3009F9ED9 /* Foundation.framework in Frameworks */ = {isa = PBXBuildFile; fileRef = 388EAF2A154B44A3009F9ED9 /* Foundation.framework */; };
		388EAF2D154B44A3009F9ED9 /* CoreGraphics.framework in Frameworks */ = {isa = PBXBuildFile; fileRef = 388EAF2C154B44A3009F9ED9 /* CoreGraphics.framework */; };
		388EAF33154B44A3009F9ED9 /* InfoPlist.strings in Resources */ = {isa = PBXBuildFile; fileRef = 388EAF31154B44A3009F9ED9 /* InfoPlist.strings */; };
		388EAF35154B44A3009F9ED9 /* main.m in Sources */ = {isa = PBXBuildFile; fileRef = 388EAF34154B44A3009F9ED9 /* main.m */; };
		388EAF39154B44A3009F9ED9 /* AppDelegate.m in Sources */ = {isa = PBXBuildFile; fileRef = 388EAF38154B44A3009F9ED9 /* AppDelegate.m */; };
		388EAF3C154B44A3009F9ED9 /* MainStoryboard_iPhone.storyboard in Resources */ = {isa = PBXBuildFile; fileRef = 388EAF3A154B44A3009F9ED9 /* MainStoryboard_iPhone.storyboard */; };
		388EAF3F154B44A3009F9ED9 /* MainStoryboard_iPad.storyboard in Resources */ = {isa = PBXBuildFile; fileRef = 388EAF3D154B44A3009F9ED9 /* MainStoryboard_iPad.storyboard */; };
		388EAF7A154E046E009F9ED9 /* logo.png in Resources */ = {isa = PBXBuildFile; fileRef = 388EAF78154E046E009F9ED9 /* logo.png */; };
		388EAF7B154E046E009F9ED9 /* logo@2x.png in Resources */ = {isa = PBXBuildFile; fileRef = 388EAF79154E046E009F9ED9 /* logo@2x.png */; };
		388EAF7E154E0B0F009F9ED9 /* arrow_@2x.png in Resources */ = {isa = PBXBuildFile; fileRef = 388EAF7C154E0B0F009F9ED9 /* arrow_@2x.png */; };
		388EAF7F154E0B0F009F9ED9 /* arrow.png in Resources */ = {isa = PBXBuildFile; fileRef = 388EAF7D154E0B0F009F9ED9 /* arrow.png */; };
		388EAF86154E1075009F9ED9 /* keyline.png in Resources */ = {isa = PBXBuildFile; fileRef = 388EAF84154E1075009F9ED9 /* keyline.png */; };
		388EAF87154E1075009F9ED9 /* keyline@2x.png in Resources */ = {isa = PBXBuildFile; fileRef = 388EAF85154E1075009F9ED9 /* keyline@2x.png */; };
/* End PBXBuildFile section */

/* Begin PBXFileReference section */
		380B3B131554771300DEADA4 /* YourPlaylistsViewController.h */ = {isa = PBXFileReference; fileEncoding = 4; lastKnownFileType = sourcecode.c.h; path = YourPlaylistsViewController.h; sourceTree = "<group>"; };
		380B3B141554771300DEADA4 /* YourPlaylistsViewController.m */ = {isa = PBXFileReference; fileEncoding = 4; lastKnownFileType = sourcecode.c.objc; path = YourPlaylistsViewController.m; sourceTree = "<group>"; };
		380B3B171554774200DEADA4 /* YourFavoritesViewController.h */ = {isa = PBXFileReference; fileEncoding = 4; lastKnownFileType = sourcecode.c.h; path = YourFavoritesViewController.h; sourceTree = "<group>"; };
		380B3B181554774200DEADA4 /* YourFavoritesViewController.m */ = {isa = PBXFileReference; fileEncoding = 4; lastKnownFileType = sourcecode.c.objc; path = YourFavoritesViewController.m; sourceTree = "<group>"; };
		380B3B1B1554777600DEADA4 /* SearchViewController.h */ = {isa = PBXFileReference; fileEncoding = 4; lastKnownFileType = sourcecode.c.h; path = SearchViewController.h; sourceTree = "<group>"; };
		380B3B1C1554777600DEADA4 /* SearchViewController.m */ = {isa = PBXFileReference; fileEncoding = 4; lastKnownFileType = sourcecode.c.objc; path = SearchViewController.m; sourceTree = "<group>"; };
		380B3B1F1554799F00DEADA4 /* LatestPerformedConcertsViewController.h */ = {isa = PBXFileReference; fileEncoding = 4; lastKnownFileType = sourcecode.c.h; path = LatestPerformedConcertsViewController.h; sourceTree = "<group>"; };
		380B3B201554799F00DEADA4 /* LatestPerformedConcertsViewController.m */ = {isa = PBXFileReference; fileEncoding = 4; lastKnownFileType = sourcecode.c.objc; path = LatestPerformedConcertsViewController.m; sourceTree = "<group>"; };
		380B3B22155479B200DEADA4 /* LatestAddedConcertsViewController.h */ = {isa = PBXFileReference; fileEncoding = 4; lastKnownFileType = sourcecode.c.h; path = LatestAddedConcertsViewController.h; sourceTree = "<group>"; };
		380B3B23155479B200DEADA4 /* LatestAddedConcertsViewController.m */ = {isa = PBXFileReference; fileEncoding = 4; lastKnownFileType = sourcecode.c.objc; path = LatestAddedConcertsViewController.m; sourceTree = "<group>"; };
		380B3B26155479D900DEADA4 /* ChatViewController.h */ = {isa = PBXFileReference; fileEncoding = 4; lastKnownFileType = sourcecode.c.h; path = ChatViewController.h; sourceTree = "<group>"; };
		380B3B27155479D900DEADA4 /* ChatViewController.m */ = {isa = PBXFileReference; fileEncoding = 4; lastKnownFileType = sourcecode.c.objc; path = ChatViewController.m; sourceTree = "<group>"; };
		380B3B2A1555E49E00DEADA4 /* ExpandedPlayerViewController.h */ = {isa = PBXFileReference; fileEncoding = 4; lastKnownFileType = sourcecode.c.h; path = ExpandedPlayerViewController.h; sourceTree = "<group>"; };
		380B3B2B1555E49E00DEADA4 /* ExpandedPlayerViewController.m */ = {isa = PBXFileReference; fileEncoding = 4; lastKnownFileType = sourcecode.c.objc; path = ExpandedPlayerViewController.m; sourceTree = "<group>"; };
		380B3B2D1555ED7A00DEADA4 /* BaseViewController.h */ = {isa = PBXFileReference; fileEncoding = 4; lastKnownFileType = sourcecode.c.h; path = BaseViewController.h; sourceTree = "<group>"; };
		380B3B2E1555ED7A00DEADA4 /* BaseViewController.m */ = {isa = PBXFileReference; fileEncoding = 4; lastKnownFileType = sourcecode.c.objc; path = BaseViewController.m; sourceTree = "<group>"; };
		380B3B301555EE4100DEADA4 /* HeaderViewController.h */ = {isa = PBXFileReference; fileEncoding = 4; lastKnownFileType = sourcecode.c.h; path = HeaderViewController.h; sourceTree = "<group>"; };
		380B3B311555EE4100DEADA4 /* HeaderViewController.m */ = {isa = PBXFileReference; fileEncoding = 4; lastKnownFileType = sourcecode.c.objc; path = HeaderViewController.m; sourceTree = "<group>"; };
		380B3B331555EE5400DEADA4 /* FooterViewController.h */ = {isa = PBXFileReference; fileEncoding = 4; lastKnownFileType = sourcecode.c.h; path = FooterViewController.h; sourceTree = "<group>"; };
		380B3B341555EE5400DEADA4 /* FooterViewController.m */ = {isa = PBXFileReference; fileEncoding = 4; lastKnownFileType = sourcecode.c.objc; path = FooterViewController.m; sourceTree = "<group>"; };
		380B3B381555F10300DEADA4 /* HeaderView.xib */ = {isa = PBXFileReference; fileEncoding = 4; lastKnownFileType = file.xib; path = HeaderView.xib; sourceTree = "<group>"; };
		380B3B3A1556037400DEADA4 /* FooterView.xib */ = {isa = PBXFileReference; fileEncoding = 4; lastKnownFileType = file.xib; path = FooterView.xib; sourceTree = "<group>"; };
		3822DEAD154E506400E1A452 /* fastforward.png */ = {isa = PBXFileReference; lastKnownFileType = image.png; path = fastforward.png; sourceTree = "<group>"; };
		3822DEAE154E506400E1A452 /* fastforward@2x.png */ = {isa = PBXFileReference; lastKnownFileType = image.png; path = "fastforward@2x.png"; sourceTree = "<group>"; };
		3822DEAF154E506400E1A452 /* pause.png */ = {isa = PBXFileReference; lastKnownFileType = image.png; path = pause.png; sourceTree = "<group>"; };
		3822DEB0154E506400E1A452 /* pause@2x.png */ = {isa = PBXFileReference; lastKnownFileType = image.png; path = "pause@2x.png"; sourceTree = "<group>"; };
		3822DEB1154E506400E1A452 /* play.png */ = {isa = PBXFileReference; lastKnownFileType = image.png; path = play.png; sourceTree = "<group>"; };
		3822DEB2154E506400E1A452 /* play@2x.png */ = {isa = PBXFileReference; lastKnownFileType = image.png; path = "play@2x.png"; sourceTree = "<group>"; };
		3822DEB3154E506400E1A452 /* repeat.png */ = {isa = PBXFileReference; lastKnownFileType = image.png; path = repeat.png; sourceTree = "<group>"; };
		3822DEB4154E506400E1A452 /* repeat@2x.png */ = {isa = PBXFileReference; lastKnownFileType = image.png; path = "repeat@2x.png"; sourceTree = "<group>"; };
		3822DEB5154E506400E1A452 /* rewind.png */ = {isa = PBXFileReference; lastKnownFileType = image.png; path = rewind.png; sourceTree = "<group>"; };
		3822DEB6154E506400E1A452 /* rewind@2x.png */ = {isa = PBXFileReference; lastKnownFileType = image.png; path = "rewind@2x.png"; sourceTree = "<group>"; };
		3822DEB7154E506400E1A452 /* shuffle.png */ = {isa = PBXFileReference; lastKnownFileType = image.png; path = shuffle.png; sourceTree = "<group>"; };
		3822DEB8154E506400E1A452 /* shuffle@2x.png */ = {isa = PBXFileReference; lastKnownFileType = image.png; path = "shuffle@2x.png"; sourceTree = "<group>"; };
		3822DEB9154E506400E1A452 /* stop.png */ = {isa = PBXFileReference; lastKnownFileType = image.png; path = stop.png; sourceTree = "<group>"; };
		3822DEBA154E506400E1A452 /* stop@2x.png */ = {isa = PBXFileReference; lastKnownFileType = image.png; path = "stop@2x.png"; sourceTree = "<group>"; };
		388EAF24154B44A3009F9ED9 /* iOS.app */ = {isa = PBXFileReference; explicitFileType = wrapper.application; includeInIndex = 0; path = iOS.app; sourceTree = BUILT_PRODUCTS_DIR; };
		388EAF28154B44A3009F9ED9 /* UIKit.framework */ = {isa = PBXFileReference; lastKnownFileType = wrapper.framework; name = UIKit.framework; path = System/Library/Frameworks/UIKit.framework; sourceTree = SDKROOT; };
		388EAF2A154B44A3009F9ED9 /* Foundation.framework */ = {isa = PBXFileReference; lastKnownFileType = wrapper.framework; name = Foundation.framework; path = System/Library/Frameworks/Foundation.framework; sourceTree = SDKROOT; };
		388EAF2C154B44A3009F9ED9 /* CoreGraphics.framework */ = {isa = PBXFileReference; lastKnownFileType = wrapper.framework; name = CoreGraphics.framework; path = System/Library/Frameworks/CoreGraphics.framework; sourceTree = SDKROOT; };
		388EAF30154B44A3009F9ED9 /* iOS-Info.plist */ = {isa = PBXFileReference; lastKnownFileType = text.plist.xml; path = "iOS-Info.plist"; sourceTree = "<group>"; };
		388EAF32154B44A3009F9ED9 /* en */ = {isa = PBXFileReference; lastKnownFileType = text.plist.strings; name = en; path = en.lproj/InfoPlist.strings; sourceTree = "<group>"; };
		388EAF34154B44A3009F9ED9 /* main.m */ = {isa = PBXFileReference; lastKnownFileType = sourcecode.c.objc; path = main.m; sourceTree = "<group>"; };
		388EAF36154B44A3009F9ED9 /* iOS-Prefix.pch */ = {isa = PBXFileReference; lastKnownFileType = sourcecode.c.h; path = "iOS-Prefix.pch"; sourceTree = "<group>"; };
		388EAF37154B44A3009F9ED9 /* AppDelegate.h */ = {isa = PBXFileReference; lastKnownFileType = sourcecode.c.h; path = AppDelegate.h; sourceTree = "<group>"; };
		388EAF38154B44A3009F9ED9 /* AppDelegate.m */ = {isa = PBXFileReference; lastKnownFileType = sourcecode.c.objc; path = AppDelegate.m; sourceTree = "<group>"; };
		388EAF3B154B44A3009F9ED9 /* en */ = {isa = PBXFileReference; lastKnownFileType = file.storyboard; name = en; path = en.lproj/MainStoryboard_iPhone.storyboard; sourceTree = "<group>"; };
		388EAF3E154B44A3009F9ED9 /* en */ = {isa = PBXFileReference; lastKnownFileType = file.storyboard; name = en; path = en.lproj/MainStoryboard_iPad.storyboard; sourceTree = "<group>"; };
		388EAF78154E046E009F9ED9 /* logo.png */ = {isa = PBXFileReference; lastKnownFileType = image.png; path = logo.png; sourceTree = "<group>"; };
		388EAF79154E046E009F9ED9 /* logo@2x.png */ = {isa = PBXFileReference; lastKnownFileType = image.png; path = "logo@2x.png"; sourceTree = "<group>"; };
		388EAF7C154E0B0F009F9ED9 /* arrow_@2x.png */ = {isa = PBXFileReference; lastKnownFileType = image.png; path = "arrow_@2x.png"; sourceTree = "<group>"; };
		388EAF7D154E0B0F009F9ED9 /* arrow.png */ = {isa = PBXFileReference; lastKnownFileType = image.png; path = arrow.png; sourceTree = "<group>"; };
		388EAF84154E1075009F9ED9 /* keyline.png */ = {isa = PBXFileReference; lastKnownFileType = image.png; path = keyline.png; sourceTree = "<group>"; };
		388EAF85154E1075009F9ED9 /* keyline@2x.png */ = {isa = PBXFileReference; lastKnownFileType = image.png; path = "keyline@2x.png"; sourceTree = "<group>"; };
/* End PBXFileReference section */

/* Begin PBXFrameworksBuildPhase section */
		388EAF21154B44A3009F9ED9 /* Frameworks */ = {
			isa = PBXFrameworksBuildPhase;
			buildActionMask = 2147483647;
			files = (
				388EAF29154B44A3009F9ED9 /* UIKit.framework in Frameworks */,
				388EAF2B154B44A3009F9ED9 /* Foundation.framework in Frameworks */,
				388EAF2D154B44A3009F9ED9 /* CoreGraphics.framework in Frameworks */,
			);
			runOnlyForDeploymentPostprocessing = 0;
		};
/* End PBXFrameworksBuildPhase section */

/* Begin PBXGroup section */
		380B3B11155476FE00DEADA4 /* Playlists */ = {
			isa = PBXGroup;
			children = (
				380B3B131554771300DEADA4 /* YourPlaylistsViewController.h */,
				380B3B141554771300DEADA4 /* YourPlaylistsViewController.m */,
			);
			path = Playlists;
			sourceTree = "<group>";
		};
		380B3B161554772400DEADA4 /* Favorites */ = {
			isa = PBXGroup;
			children = (
				380B3B171554774200DEADA4 /* YourFavoritesViewController.h */,
				380B3B181554774200DEADA4 /* YourFavoritesViewController.m */,
			);
			path = Favorites;
			sourceTree = "<group>";
		};
		380B3B1A1554775000DEADA4 /* Search */ = {
			isa = PBXGroup;
			children = (
				380B3B1B1554777600DEADA4 /* SearchViewController.h */,
				380B3B1C1554777600DEADA4 /* SearchViewController.m */,
			);
			path = Search;
			sourceTree = "<group>";
		};
		380B3B1E1554795A00DEADA4 /* Concerts */ = {
			isa = PBXGroup;
			children = (
				380B3B1F1554799F00DEADA4 /* LatestPerformedConcertsViewController.h */,
				380B3B201554799F00DEADA4 /* LatestPerformedConcertsViewController.m */,
				380B3B22155479B200DEADA4 /* LatestAddedConcertsViewController.h */,
				380B3B23155479B200DEADA4 /* LatestAddedConcertsViewController.m */,
			);
			path = Concerts;
			sourceTree = "<group>";
		};
		380B3B25155479C200DEADA4 /* Chat */ = {
			isa = PBXGroup;
			children = (
				380B3B26155479D900DEADA4 /* ChatViewController.h */,
				380B3B27155479D900DEADA4 /* ChatViewController.m */,
			);
			path = Chat;
			sourceTree = "<group>";
		};
		380B3B291555E42800DEADA4 /* Shared */ = {
			isa = PBXGroup;
			children = (
				380B3B2A1555E49E00DEADA4 /* ExpandedPlayerViewController.h */,
				380B3B2B1555E49E00DEADA4 /* ExpandedPlayerViewController.m */,
				380B3B2D1555ED7A00DEADA4 /* BaseViewController.h */,
				380B3B2E1555ED7A00DEADA4 /* BaseViewController.m */,
				380B3B301555EE4100DEADA4 /* HeaderViewController.h */,
				380B3B311555EE4100DEADA4 /* HeaderViewController.m */,
				380B3B331555EE5400DEADA4 /* FooterViewController.h */,
				380B3B341555EE5400DEADA4 /* FooterViewController.m */,
			);
			path = Shared;
			sourceTree = "<group>";
		};
		380B3B361555F0BF00DEADA4 /* Views */ = {
			isa = PBXGroup;
			children = (
				380B3B371555F0D700DEADA4 /* Shared */,
			);
			path = Views;
			sourceTree = "<group>";
		};
		380B3B371555F0D700DEADA4 /* Shared */ = {
			isa = PBXGroup;
			children = (
				380B3B381555F10300DEADA4 /* HeaderView.xib */,
				380B3B3A1556037400DEADA4 /* FooterView.xib */,
			);
			path = Shared;
			sourceTree = "<group>";
		};
		388EAF19154B44A2009F9ED9 = {
			isa = PBXGroup;
			children = (
				388EAF2E154B44A3009F9ED9 /* iOS */,
				388EAF67154DFAE4009F9ED9 /* Resources */,
				388EAF27154B44A3009F9ED9 /* Frameworks */,
				388EAF25154B44A3009F9ED9 /* Products */,
			);
			sourceTree = "<group>";
		};
		388EAF25154B44A3009F9ED9 /* Products */ = {
			isa = PBXGroup;
			children = (
				388EAF24154B44A3009F9ED9 /* iOS.app */,
			);
			name = Products;
			sourceTree = "<group>";
		};
		388EAF27154B44A3009F9ED9 /* Frameworks */ = {
			isa = PBXGroup;
			children = (
				388EAF28154B44A3009F9ED9 /* UIKit.framework */,
				388EAF2A154B44A3009F9ED9 /* Foundation.framework */,
				388EAF2C154B44A3009F9ED9 /* CoreGraphics.framework */,
			);
			name = Frameworks;
			sourceTree = "<group>";
		};
		388EAF2E154B44A3009F9ED9 /* iOS */ = {
			isa = PBXGroup;
			children = (
				388EAF6D154DFBB8009F9ED9 /* Controllers */,
				388EAF6F154DFC12009F9ED9 /* Infrastructure */,
				388EAF6E154DFBC5009F9ED9 /* Models */,
				380B3B361555F0BF00DEADA4 /* Views */,
				388EAF37154B44A3009F9ED9 /* AppDelegate.h */,
				388EAF38154B44A3009F9ED9 /* AppDelegate.m */,
				388EAF3A154B44A3009F9ED9 /* MainStoryboard_iPhone.storyboard */,
				388EAF3D154B44A3009F9ED9 /* MainStoryboard_iPad.storyboard */,
				388EAF2F154B44A3009F9ED9 /* Supporting Files */,
			);
			path = iOS;
			sourceTree = "<group>";
		};
		388EAF2F154B44A3009F9ED9 /* Supporting Files */ = {
			isa = PBXGroup;
			children = (
				388EAF30154B44A3009F9ED9 /* iOS-Info.plist */,
				388EAF31154B44A3009F9ED9 /* InfoPlist.strings */,
				388EAF34154B44A3009F9ED9 /* main.m */,
				388EAF36154B44A3009F9ED9 /* iOS-Prefix.pch */,
			);
			name = "Supporting Files";
			sourceTree = "<group>";
		};
		388EAF67154DFAE4009F9ED9 /* Resources */ = {
			isa = PBXGroup;
			children = (
				388EAF68154DFB5E009F9ED9 /* images */,
			);
			path = Resources;
			sourceTree = "<group>";
		};
		388EAF68154DFB5E009F9ED9 /* images */ = {
			isa = PBXGroup;
			children = (
				3822DEAD154E506400E1A452 /* fastforward.png */,
				3822DEAE154E506400E1A452 /* fastforward@2x.png */,
				3822DEAF154E506400E1A452 /* pause.png */,
				3822DEB0154E506400E1A452 /* pause@2x.png */,
				3822DEB1154E506400E1A452 /* play.png */,
				3822DEB2154E506400E1A452 /* play@2x.png */,
				3822DEB3154E506400E1A452 /* repeat.png */,
				3822DEB4154E506400E1A452 /* repeat@2x.png */,
				3822DEB5154E506400E1A452 /* rewind.png */,
				3822DEB6154E506400E1A452 /* rewind@2x.png */,
				3822DEB7154E506400E1A452 /* shuffle.png */,
				3822DEB8154E506400E1A452 /* shuffle@2x.png */,
				3822DEB9154E506400E1A452 /* stop.png */,
				3822DEBA154E506400E1A452 /* stop@2x.png */,
				388EAF84154E1075009F9ED9 /* keyline.png */,
				388EAF85154E1075009F9ED9 /* keyline@2x.png */,
				388EAF7C154E0B0F009F9ED9 /* arrow_@2x.png */,
				388EAF7D154E0B0F009F9ED9 /* arrow.png */,
				388EAF78154E046E009F9ED9 /* logo.png */,
				388EAF79154E046E009F9ED9 /* logo@2x.png */,
			);
			path = images;
			sourceTree = "<group>";
		};
		388EAF6D154DFBB8009F9ED9 /* Controllers */ = {
			isa = PBXGroup;
			children = (
				380B3B291555E42800DEADA4 /* Shared */,
				380B3B25155479C200DEADA4 /* Chat */,
				380B3B1E1554795A00DEADA4 /* Concerts */,
				380B3B1A1554775000DEADA4 /* Search */,
				380B3B161554772400DEADA4 /* Favorites */,
				380B3B11155476FE00DEADA4 /* Playlists */,
			);
			path = Controllers;
			sourceTree = "<group>";
		};
		388EAF6E154DFBC5009F9ED9 /* Models */ = {
			isa = PBXGroup;
			children = (
			);
			path = Models;
			sourceTree = "<group>";
		};
		388EAF6F154DFC12009F9ED9 /* Infrastructure */ = {
			isa = PBXGroup;
			children = (
			);
			path = Infrastructure;
			sourceTree = "<group>";
		};
/* End PBXGroup section */

/* Begin PBXNativeTarget section */
		388EAF23154B44A3009F9ED9 /* iOS */ = {
			isa = PBXNativeTarget;
			buildConfigurationList = 388EAF48154B44A3009F9ED9 /* Build configuration list for PBXNativeTarget "iOS" */;
			buildPhases = (
				388EAF20154B44A3009F9ED9 /* Sources */,
				388EAF21154B44A3009F9ED9 /* Frameworks */,
				388EAF22154B44A3009F9ED9 /* Resources */,
			);
			buildRules = (
			);
			dependencies = (
			);
			name = iOS;
			productName = iOS;
			productReference = 388EAF24154B44A3009F9ED9 /* iOS.app */;
			productType = "com.apple.product-type.application";
		};
/* End PBXNativeTarget section */

/* Begin PBXProject section */
		388EAF1B154B44A2009F9ED9 /* Project object */ = {
			isa = PBXProject;
			attributes = {
				LastUpgradeCheck = 0430;
				ORGANIZATIONNAME = "Bia Creations";
			};
			buildConfigurationList = 388EAF1E154B44A2009F9ED9 /* Build configuration list for PBXProject "iOS" */;
			compatibilityVersion = "Xcode 3.2";
			developmentRegion = English;
			hasScannedForEncodings = 0;
			knownRegions = (
				en,
			);
			mainGroup = 388EAF19154B44A2009F9ED9;
			productRefGroup = 388EAF25154B44A3009F9ED9 /* Products */;
			projectDirPath = "";
			projectRoot = "";
			targets = (
				388EAF23154B44A3009F9ED9 /* iOS */,
			);
		};
/* End PBXProject section */

/* Begin PBXResourcesBuildPhase section */
		388EAF22154B44A3009F9ED9 /* Resources */ = {
			isa = PBXResourcesBuildPhase;
			buildActionMask = 2147483647;
			files = (
				388EAF33154B44A3009F9ED9 /* InfoPlist.strings in Resources */,
				388EAF3C154B44A3009F9ED9 /* MainStoryboard_iPhone.storyboard in Resources */,
				388EAF3F154B44A3009F9ED9 /* MainStoryboard_iPad.storyboard in Resources */,
				388EAF7A154E046E009F9ED9 /* logo.png in Resources */,
				388EAF7B154E046E009F9ED9 /* logo@2x.png in Resources */,
				388EAF7E154E0B0F009F9ED9 /* arrow_@2x.png in Resources */,
				388EAF7F154E0B0F009F9ED9 /* arrow.png in Resources */,
				388EAF86154E1075009F9ED9 /* keyline.png in Resources */,
				388EAF87154E1075009F9ED9 /* keyline@2x.png in Resources */,
				3822DEBB154E506400E1A452 /* fastforward.png in Resources */,
				3822DEBC154E506400E1A452 /* fastforward@2x.png in Resources */,
				3822DEBD154E506400E1A452 /* pause.png in Resources */,
				3822DEBE154E506400E1A452 /* pause@2x.png in Resources */,
				3822DEBF154E506400E1A452 /* play.png in Resources */,
				3822DEC0154E506400E1A452 /* play@2x.png in Resources */,
				3822DEC1154E506400E1A452 /* repeat.png in Resources */,
				3822DEC2154E506400E1A452 /* repeat@2x.png in Resources */,
				3822DEC3154E506400E1A452 /* rewind.png in Resources */,
				3822DEC4154E506400E1A452 /* rewind@2x.png in Resources */,
				3822DEC5154E506400E1A452 /* shuffle.png in Resources */,
				3822DEC6154E506400E1A452 /* shuffle@2x.png in Resources */,
				3822DEC7154E506400E1A452 /* stop.png in Resources */,
				3822DEC8154E506400E1A452 /* stop@2x.png in Resources */,
				380B3B391555F10300DEADA4 /* HeaderView.xib in Resources */,
				380B3B3B1556037400DEADA4 /* FooterView.xib in Resources */,
			);
			runOnlyForDeploymentPostprocessing = 0;
		};
/* End PBXResourcesBuildPhase section */

/* Begin PBXSourcesBuildPhase section */
		388EAF20154B44A3009F9ED9 /* Sources */ = {
			isa = PBXSourcesBuildPhase;
			buildActionMask = 2147483647;
			files = (
				388EAF35154B44A3009F9ED9 /* main.m in Sources */,
				388EAF39154B44A3009F9ED9 /* AppDelegate.m in Sources */,
				380B3B151554771300DEADA4 /* YourPlaylistsViewController.m in Sources */,
				380B3B191554774200DEADA4 /* YourFavoritesViewController.m in Sources */,
				380B3B1D1554777600DEADA4 /* SearchViewController.m in Sources */,
				380B3B211554799F00DEADA4 /* LatestPerformedConcertsViewController.m in Sources */,
				380B3B24155479B200DEADA4 /* LatestAddedConcertsViewController.m in Sources */,
				380B3B28155479D900DEADA4 /* ChatViewController.m in Sources */,
				380B3B2C1555E49E00DEADA4 /* ExpandedPlayerViewController.m in Sources */,
				380B3B2F1555ED7A00DEADA4 /* BaseViewController.m in Sources */,
				380B3B321555EE4100DEADA4 /* HeaderViewController.m in Sources */,
				380B3B351555EE5400DEADA4 /* FooterViewController.m in Sources */,
			);
			runOnlyForDeploymentPostprocessing = 0;
		};
/* End PBXSourcesBuildPhase section */

/* Begin PBXVariantGroup section */
		388EAF31154B44A3009F9ED9 /* InfoPlist.strings */ = {
			isa = PBXVariantGroup;
			children = (
				388EAF32154B44A3009F9ED9 /* en */,
			);
			name = InfoPlist.strings;
			sourceTree = "<group>";
		};
		388EAF3A154B44A3009F9ED9 /* MainStoryboard_iPhone.storyboard */ = {
			isa = PBXVariantGroup;
			children = (
				388EAF3B154B44A3009F9ED9 /* en */,
			);
			name = MainStoryboard_iPhone.storyboard;
			sourceTree = "<group>";
		};
		388EAF3D154B44A3009F9ED9 /* MainStoryboard_iPad.storyboard */ = {
			isa = PBXVariantGroup;
			children = (
				388EAF3E154B44A3009F9ED9 /* en */,
			);
			name = MainStoryboard_iPad.storyboard;
			sourceTree = "<group>";
		};
/* End PBXVariantGroup section */

/* Begin XCBuildConfiguration section */
		388EAF46154B44A3009F9ED9 /* Debug */ = {
			isa = XCBuildConfiguration;
			buildSettings = {
				ALWAYS_SEARCH_USER_PATHS = NO;
				ARCHS = "$(ARCHS_STANDARD_32_BIT)";
				CLANG_ENABLE_OBJC_ARC = YES;
				"CODE_SIGN_IDENTITY[sdk=iphoneos*]" = "iPhone Developer";
				COPY_PHASE_STRIP = NO;
				GCC_C_LANGUAGE_STANDARD = gnu99;
				GCC_DYNAMIC_NO_PIC = NO;
				GCC_OPTIMIZATION_LEVEL = 0;
				GCC_PREPROCESSOR_DEFINITIONS = (
					"DEBUG=1",
					"$(inherited)",
				);
				GCC_SYMBOLS_PRIVATE_EXTERN = NO;
				GCC_VERSION = com.apple.compilers.llvm.clang.1_0;
				GCC_WARN_ABOUT_RETURN_TYPE = YES;
				GCC_WARN_UNINITIALIZED_AUTOS = YES;
				GCC_WARN_UNUSED_VARIABLE = YES;
				IPHONEOS_DEPLOYMENT_TARGET = 5.1;
				SDKROOT = iphoneos;
				TARGETED_DEVICE_FAMILY = "1,2";
			};
			name = Debug;
		};
		388EAF47154B44A3009F9ED9 /* Release */ = {
			isa = XCBuildConfiguration;
			buildSettings = {
				ALWAYS_SEARCH_USER_PATHS = NO;
				ARCHS = "$(ARCHS_STANDARD_32_BIT)";
				CLANG_ENABLE_OBJC_ARC = YES;
				"CODE_SIGN_IDENTITY[sdk=iphoneos*]" = "iPhone Developer";
				COPY_PHASE_STRIP = YES;
				GCC_C_LANGUAGE_STANDARD = gnu99;
				GCC_VERSION = com.apple.compilers.llvm.clang.1_0;
				GCC_WARN_ABOUT_RETURN_TYPE = YES;
				GCC_WARN_UNINITIALIZED_AUTOS = YES;
				GCC_WARN_UNUSED_VARIABLE = YES;
				IPHONEOS_DEPLOYMENT_TARGET = 5.1;
				OTHER_CFLAGS = "-DNS_BLOCK_ASSERTIONS=1";
				SDKROOT = iphoneos;
				TARGETED_DEVICE_FAMILY = "1,2";
				VALIDATE_PRODUCT = YES;
			};
			name = Release;
		};
		388EAF49154B44A3009F9ED9 /* Debug */ = {
			isa = XCBuildConfiguration;
			buildSettings = {
				GCC_PRECOMPILE_PREFIX_HEADER = YES;
				GCC_PREFIX_HEADER = "iOS/iOS-Prefix.pch";
				INFOPLIST_FILE = "iOS/iOS-Info.plist";
				PRODUCT_NAME = "$(TARGET_NAME)";
				WRAPPER_EXTENSION = app;
			};
			name = Debug;
		};
		388EAF4A154B44A3009F9ED9 /* Release */ = {
			isa = XCBuildConfiguration;
			buildSettings = {
				GCC_PRECOMPILE_PREFIX_HEADER = YES;
				GCC_PREFIX_HEADER = "iOS/iOS-Prefix.pch";
				INFOPLIST_FILE = "iOS/iOS-Info.plist";
				PRODUCT_NAME = "$(TARGET_NAME)";
				WRAPPER_EXTENSION = app;
			};
			name = Release;
		};
/* End XCBuildConfiguration section */

/* Begin XCConfigurationList section */
		388EAF1E154B44A2009F9ED9 /* Build configuration list for PBXProject "iOS" */ = {
			isa = XCConfigurationList;
			buildConfigurations = (
				388EAF46154B44A3009F9ED9 /* Debug */,
				388EAF47154B44A3009F9ED9 /* Release */,
			);
			defaultConfigurationIsVisible = 0;
			defaultConfigurationName = Release;
		};
		388EAF48154B44A3009F9ED9 /* Build configuration list for PBXNativeTarget "iOS" */ = {
			isa = XCConfigurationList;
			buildConfigurations = (
				388EAF49154B44A3009F9ED9 /* Debug */,
				388EAF4A154B44A3009F9ED9 /* Release */,
			);
			defaultConfigurationIsVisible = 0;
			defaultConfigurationName = Release;
		};
/* End XCConfigurationList section */
	};
	rootObject = 388EAF1B154B44A2009F9ED9 /* Project object */;
}
